
Microsoft Visual Studio Solution File, Format Version 12.00
# Visual Studio Version 17
VisualStudioVersion = 17.5.002.0
MinimumVisualStudioVersion = 10.0.40219.1
Project("{9A19103F-16F7-4668-BE54-9A1E7A4F7556}") = "prasApi", "prasApi\prasApi.csproj", "{9FC0A681-B674-4662-9ADD-75AFF29EAAD0}"
EndProject
Global
	GlobalSection(SolutionConfigurationPlatforms) = preSolution
		Debug|Any CPU = Debug|Any CPU
		Release|Any CPU = Release|Any CPU
	EndGlobalSection
	GlobalSection(ProjectConfigurationPlatforms) = postSolution
		{9FC0A681-B674-4662-9ADD-75AFF29EAAD0}.Debug|Any CPU.ActiveCfg = Debug|Any CPU
		{9FC0A681-B674-4662-9ADD-75AFF29EAAD0}.Debug|Any CPU.Build.0 = Debug|Any CPU
		{9FC0A681-B674-4662-9ADD-75AFF29EAAD0}.Release|Any CPU.ActiveCfg = Release|Any CPU
		{9FC0A681-B674-4662-9ADD-75AFF29EAAD0}.Release|Any CPU.Build.0 = Release|Any CPU
	EndGlobalSection
	GlobalSection(SolutionProperties) = preSolution
		HideSolutionNode = FALSE
	EndGlobalSection
	GlobalSection(ExtensibilityGlobals) = postSolution
		SolutionGuid = {ADBB615A-F068-4B1B-A8E3-F2FB9506FD04}
	EndGlobalSection
EndGlobal
